
Microsoft Visual Studio Solution File, Format Version 12.00
# Visual Studio 15
VisualStudioVersion = 15.0.28307.1259
MinimumVisualStudioVersion = 10.0.40219.1
Project("{FAE04EC0-301F-11D3-BF4B-00C04F79EFBC}") = "Admin", "StaffList\Admin.csproj", "{D749D17C-DB72-483D-AE3B-685D1991415D}"
EndProject
Project("{FAE04EC0-301F-11D3-BF4B-00C04F79EFBC}") = "Models", "Models\Models.csproj", "{E6D64706-1130-48D7-B829-D72E21682791}"
EndProject
Project("{FAE04EC0-301F-11D3-BF4B-00C04F79EFBC}") = "StaffList.web", "StaffList.web\StaffList.web.csproj", "{74738EDF-D779-4FC5-B29B-D5D57DD51717}"
EndProject
Project("{FAE04EC0-301F-11D3-BF4B-00C04F79EFBC}") = "StaffList.Common", "StaffList.Common\StaffList.Common.csproj", "{C1A83314-C914-48D6-93D0-A1AC99B11595}"
EndProject
Project("{FAE04EC0-301F-11D3-BF4B-00C04F79EFBC}") = "StaffList.DAL", "StaffList.DAL\StaffList.DAL.csproj", "{7562FB55-A333-4205-AEEB-23C9C538A92F}"
EndProject
Project("{FAE04EC0-301F-11D3-BF4B-00C04F79EFBC}") = "BLL", "BLL\BLL.csproj", "{7E6CFDA2-C399-4CDC-867A-2B22776D45B3}"
EndProject
Global
	GlobalSection(SolutionConfigurationPlatforms) = preSolution
		Debug|Any CPU = Debug|Any CPU
		Release|Any CPU = Release|Any CPU
	EndGlobalSection
	GlobalSection(ProjectConfigurationPlatforms) = postSolution
		{D749D17C-DB72-483D-AE3B-685D1991415D}.Debug|Any CPU.ActiveCfg = Debug|Any CPU
		{D749D17C-DB72-483D-AE3B-685D1991415D}.Debug|Any CPU.Build.0 = Debug|Any CPU
		{D749D17C-DB72-483D-AE3B-685D1991415D}.Release|Any CPU.ActiveCfg = Release|Any CPU
		{D749D17C-DB72-483D-AE3B-685D1991415D}.Release|Any CPU.Build.0 = Release|Any CPU
		{E6D64706-1130-48D7-B829-D72E21682791}.Debug|Any CPU.ActiveCfg = Debug|Any CPU
		{E6D64706-1130-48D7-B829-D72E21682791}.Debug|Any CPU.Build.0 = Debug|Any CPU
		{E6D64706-1130-48D7-B829-D72E21682791}.Release|Any CPU.ActiveCfg = Release|Any CPU
		{E6D64706-1130-48D7-B829-D72E21682791}.Release|Any CPU.Build.0 = Release|Any CPU
		{74738EDF-D779-4FC5-B29B-D5D57DD51717}.Debug|Any CPU.ActiveCfg = Debug|Any CPU
		{74738EDF-D779-4FC5-B29B-D5D57DD51717}.Debug|Any CPU.Build.0 = Debug|Any CPU
		{74738EDF-D779-4FC5-B29B-D5D57DD51717}.Release|Any CPU.ActiveCfg = Release|Any CPU
		{74738EDF-D779-4FC5-B29B-D5D57DD51717}.Release|Any CPU.Build.0 = Release|Any CPU
		{C1A83314-C914-48D6-93D0-A1AC99B11595}.Debug|Any CPU.ActiveCfg = Debug|Any CPU
		{C1A83314-C914-48D6-93D0-A1AC99B11595}.Debug|Any CPU.Build.0 = Debug|Any CPU
		{C1A83314-C914-48D6-93D0-A1AC99B11595}.Release|Any CPU.ActiveCfg = Release|Any CPU
		{C1A83314-C914-48D6-93D0-A1AC99B11595}.Release|Any CPU.Build.0 = Release|Any CPU
		{7562FB55-A333-4205-AEEB-23C9C538A92F}.Debug|Any CPU.ActiveCfg = Debug|Any CPU
		{7562FB55-A333-4205-AEEB-23C9C538A92F}.Debug|Any CPU.Build.0 = Debug|Any CPU
		{7562FB55-A333-4205-AEEB-23C9C538A92F}.Release|Any CPU.ActiveCfg = Release|Any CPU
		{7562FB55-A333-4205-AEEB-23C9C538A92F}.Release|Any CPU.Build.0 = Release|Any CPU
		{7E6CFDA2-C399-4CDC-867A-2B22776D45B3}.Debug|Any CPU.ActiveCfg = Debug|Any CPU
		{7E6CFDA2-C399-4CDC-867A-2B22776D45B3}.Debug|Any CPU.Build.0 = Debug|Any CPU
		{7E6CFDA2-C399-4CDC-867A-2B22776D45B3}.Release|Any CPU.ActiveCfg = Release|Any CPU
		{7E6CFDA2-C399-4CDC-867A-2B22776D45B3}.Release|Any CPU.Build.0 = Release|Any CPU
	EndGlobalSection
	GlobalSection(SolutionProperties) = preSolution
		HideSolutionNode = FALSE
	EndGlobalSection
	GlobalSection(ExtensibilityGlobals) = postSolution
		SolutionGuid = {169A0A0C-487F-4223-A9B7-A532A726F4F0}
	EndGlobalSection
EndGlobal
